
Microsoft Visual Studio Solution File, Format Version 12.00
# Visual Studio 15
VisualStudioVersion = 15.0.36101.20
MinimumVisualStudioVersion = 10.0.40219.1
Project("{FAE04EC0-301F-11D3-BF4B-00C04F79EFBC}") = "FM2K Toolbox", "FM2K Toolbox\FM2K Toolbox.csproj", "{1620E74A-1227-4E9A-8227-FC651411DF4C}"
EndProject
Global
	GlobalSection(SolutionConfigurationPlatforms) = preSolution
		Debug|Any CPU = Debug|Any CPU
		Release|Any CPU = Release|Any CPU
	EndGlobalSection
	GlobalSection(ProjectConfigurationPlatforms) = postSolution
		{1620E74A-1227-4E9A-8227-FC651411DF4C}.Debug|Any CPU.ActiveCfg = Debug|Any CPU
		{1620E74A-1227-4E9A-8227-FC651411DF4C}.Debug|Any CPU.Build.0 = Debug|Any CPU
		{1620E74A-1227-4E9A-8227-FC651411DF4C}.Release|Any CPU.ActiveCfg = Release|Any CPU
		{1620E74A-1227-4E9A-8227-FC651411DF4C}.Release|Any CPU.Build.0 = Release|Any CPU
	EndGlobalSection
	GlobalSection(SolutionProperties) = preSolution
		HideSolutionNode = FALSE
	EndGlobalSection
	GlobalSection(ExtensibilityGlobals) = postSolution
		SolutionGuid = {3215A52A-DBD5-4883-92B3-B70E28852273}
	EndGlobalSection
EndGlobal
